// !$*UTF8*$!
{
	archiveVersion = 1;
	classes = {
	};
	objectVersion = 46;
	objects = {

/* Begin PBXBuildFile section */
		BC5862011CCAC579007CDEC0 /* tests.cpp in Sources */ = {isa = PBXBuildFile; fileRef = BC5861F81CCABB5C007CDEC0 /* tests.cpp */; };
		BC5862091CCAD8CE007CDEC0 /* main.cpp in Sources */ = {isa = PBXBuildFile; fileRef = BC5862081CCAD8CE007CDEC0 /* main.cpp */; };
		BC7E2BE21CE63CA7003D9A8A /* BloomFilterLeaf.cpp in Sources */ = {isa = PBXBuildFile; fileRef = BC7E2BE11CE63CA7003D9A8A /* BloomFilterLeaf.cpp */; };
		BC7E2BE61CE63CBC003D9A8A /* BloomFilterIndexNode.cpp in Sources */ = {isa = PBXBuildFile; fileRef = BC7E2BE51CE63CBC003D9A8A /* BloomFilterIndexNode.cpp */; };
		BCBE162E1CF20A3900BEE749 /* BloomFilter.cpp in Sources */ = {isa = PBXBuildFile; fileRef = BCBE16161CF20A3900BEE749 /* BloomFilter.cpp */; };
		BCBE162F1CF20A3900BEE749 /* BloomFilterIndexNode.cpp in Sources */ = {isa = PBXBuildFile; fileRef = BCBE16181CF20A3900BEE749 /* BloomFilterIndexNode.cpp */; };
		BCBE16301CF20A3900BEE749 /* BloomFilterLeaf.cpp in Sources */ = {isa = PBXBuildFile; fileRef = BCBE161A1CF20A3900BEE749 /* BloomFilterLeaf.cpp */; };
		BCBE16311CF20A3900BEE749 /* BloomFilterNode.cpp in Sources */ = {isa = PBXBuildFile; fileRef = BCBE161C1CF20A3900BEE749 /* BloomFilterNode.cpp */; };
		BCBE16321CF20A3900BEE749 /* BloomFilterTree.cpp in Sources */ = {isa = PBXBuildFile; fileRef = BCBE161E1CF20A3900BEE749 /* BloomFilterTree.cpp */; };
		BCBE16331CF20A3900BEE749 /* BloomFilterVec.cpp in Sources */ = {isa = PBXBuildFile; fileRef = BCBE16201CF20A3900BEE749 /* BloomFilterVec.cpp */; };
		BCBE16341CF20A3900BEE749 /* BPlusIndexNode.cpp in Sources */ = {isa = PBXBuildFile; fileRef = BCBE16221CF20A3900BEE749 /* BPlusIndexNode.cpp */; };
		BCBE16351CF20A3900BEE749 /* BPlusLeaf.cpp in Sources */ = {isa = PBXBuildFile; fileRef = BCBE16241CF20A3900BEE749 /* BPlusLeaf.cpp */; };
		BCBE16361CF20A3900BEE749 /* BPlusNode.cpp in Sources */ = {isa = PBXBuildFile; fileRef = BCBE16261CF20A3900BEE749 /* BPlusNode.cpp */; };
		BCBE16371CF20A3900BEE749 /* BPlusTree.cpp in Sources */ = {isa = PBXBuildFile; fileRef = BCBE16281CF20A3900BEE749 /* BPlusTree.cpp */; };
		BCBE16381CF20A3900BEE749 /* BTree.cpp in Sources */ = {isa = PBXBuildFile; fileRef = BCBE162A1CF20A3900BEE749 /* BTree.cpp */; };
		BCBE16391CF20A3900BEE749 /* BTreeNode.cpp in Sources */ = {isa = PBXBuildFile; fileRef = BCBE162C1CF20A3900BEE749 /* BTreeNode.cpp */; };
		BCE5514C1D0732FD00C9DD58 /* BloomFilterList.cpp in Sources */ = {isa = PBXBuildFile; fileRef = BCE5514A1D0732FD00C9DD58 /* BloomFilterList.cpp */; };
		BCE5514F1D07330700C9DD58 /* BloomFilterListNode.cpp in Sources */ = {isa = PBXBuildFile; fileRef = BCE5514D1D07330700C9DD58 /* BloomFilterListNode.cpp */; };
		BCFB97021CD8AE0D009AB4A4 /* BloomFilter.cpp in Sources */ = {isa = PBXBuildFile; fileRef = BCFB96FD1CD8AE0D009AB4A4 /* BloomFilter.cpp */; };
		BCFB97031CD8AE0D009AB4A4 /* BloomFilterNode.cpp in Sources */ = {isa = PBXBuildFile; fileRef = BCFB96FF1CD8AE0D009AB4A4 /* BloomFilterNode.cpp */; };
		BCFB97041CD8AE0D009AB4A4 /* BloomFilterTree.cpp in Sources */ = {isa = PBXBuildFile; fileRef = BCFB97011CD8AE0D009AB4A4 /* BloomFilterTree.cpp */; };
/* End PBXBuildFile section */

/* Begin PBXCopyFilesBuildPhase section */
		BC5861E31CCABB13007CDEC0 /* CopyFiles */ = {
			isa = PBXCopyFilesBuildPhase;
			buildActionMask = 2147483647;
			dstPath = /usr/share/man/man1/;
			dstSubfolderSpec = 0;
			files = (
			);
			runOnlyForDeploymentPostprocessing = 1;
		};
		BC5861F41CCABB5C007CDEC0 /* CopyFiles */ = {
			isa = PBXCopyFilesBuildPhase;
			buildActionMask = 2147483647;
			dstPath = /usr/share/man/man1/;
			dstSubfolderSpec = 0;
			files = (
			);
			runOnlyForDeploymentPostprocessing = 1;
		};
/* End PBXCopyFilesBuildPhase section */

/* Begin PBXFileReference section */
		BC5861E51CCABB13007CDEC0 /* src */ = {isa = PBXFileReference; explicitFileType = "compiled.mach-o.executable"; includeInIndex = 0; path = src; sourceTree = BUILT_PRODUCTS_DIR; };
		BC5861F61CCABB5C007CDEC0 /* Tests */ = {isa = PBXFileReference; explicitFileType = "compiled.mach-o.executable"; includeInIndex = 0; path = Tests; sourceTree = BUILT_PRODUCTS_DIR; };
		BC5861F81CCABB5C007CDEC0 /* tests.cpp */ = {isa = PBXFileReference; lastKnownFileType = sourcecode.cpp.cpp; lineEnding = 0; path = tests.cpp; sourceTree = "<group>"; xcLanguageSpecificationIdentifier = xcode.lang.cpp; };
		BC5862081CCAD8CE007CDEC0 /* main.cpp */ = {isa = PBXFileReference; fileEncoding = 4; lastKnownFileType = sourcecode.cpp.cpp; lineEnding = 0; name = main.cpp; path = src/main.cpp; sourceTree = "<group>"; xcLanguageSpecificationIdentifier = xcode.lang.cpp; };
		BC6876E61CD4F90F00F63314 /* BloomFilterTree.hpp */ = {isa = PBXFileReference; fileEncoding = 4; lastKnownFileType = sourcecode.cpp.h; name = BloomFilterTree.hpp; path = src/BloomFilterTree.hpp; sourceTree = "<group>"; };
		BC7E2BE11CE63CA7003D9A8A /* BloomFilterLeaf.cpp */ = {isa = PBXFileReference; fileEncoding = 4; lastKnownFileType = sourcecode.cpp.cpp; name = BloomFilterLeaf.cpp; path = src/BloomFilterLeaf.cpp; sourceTree = "<group>"; };
		BC7E2BE31CE63CB5003D9A8A /* BloomFilterLeaf.hpp */ = {isa = PBXFileReference; fileEncoding = 4; lastKnownFileType = sourcecode.cpp.h; name = BloomFilterLeaf.hpp; path = src/BloomFilterLeaf.hpp; sourceTree = "<group>"; };
		BC7E2BE41CE63CB5003D9A8A /* BloomFilterIndexNode.hpp */ = {isa = PBXFileReference; fileEncoding = 4; lastKnownFileType = sourcecode.cpp.h; name = BloomFilterIndexNode.hpp; path = src/BloomFilterIndexNode.hpp; sourceTree = "<group>"; };
		BC7E2BE51CE63CBC003D9A8A /* BloomFilterIndexNode.cpp */ = {isa = PBXFileReference; fileEncoding = 4; lastKnownFileType = sourcecode.cpp.cpp; name = BloomFilterIndexNode.cpp; path = src/BloomFilterIndexNode.cpp; sourceTree = "<group>"; };
		BCBE16151CF20A3900BEE749 /* bloom_filter.hpp */ = {isa = PBXFileReference; fileEncoding = 4; lastKnownFileType = sourcecode.cpp.h; path = bloom_filter.hpp; sourceTree = "<group>"; };
		BCBE16161CF20A3900BEE749 /* BloomFilter.cpp */ = {isa = PBXFileReference; fileEncoding = 4; lastKnownFileType = sourcecode.cpp.cpp; path = BloomFilter.cpp; sourceTree = "<group>"; };
		BCBE16171CF20A3900BEE749 /* BloomFilter.hpp */ = {isa = PBXFileReference; fileEncoding = 4; lastKnownFileType = sourcecode.cpp.h; path = BloomFilter.hpp; sourceTree = "<group>"; };
		BCBE16181CF20A3900BEE749 /* BloomFilterIndexNode.cpp */ = {isa = PBXFileReference; fileEncoding = 4; lastKnownFileType = sourcecode.cpp.cpp; path = BloomFilterIndexNode.cpp; sourceTree = "<group>"; };
		BCBE16191CF20A3900BEE749 /* BloomFilterIndexNode.hpp */ = {isa = PBXFileReference; fileEncoding = 4; lastKnownFileType = sourcecode.cpp.h; path = BloomFilterIndexNode.hpp; sourceTree = "<group>"; };
		BCBE161A1CF20A3900BEE749 /* BloomFilterLeaf.cpp */ = {isa = PBXFileReference; fileEncoding = 4; lastKnownFileType = sourcecode.cpp.cpp; path = BloomFilterLeaf.cpp; sourceTree = "<group>"; };
		BCBE161B1CF20A3900BEE749 /* BloomFilterLeaf.hpp */ = {isa = PBXFileReference; fileEncoding = 4; lastKnownFileType = sourcecode.cpp.h; path = BloomFilterLeaf.hpp; sourceTree = "<group>"; };
		BCBE161C1CF20A3900BEE749 /* BloomFilterNode.cpp */ = {isa = PBXFileReference; fileEncoding = 4; lastKnownFileType = sourcecode.cpp.cpp; path = BloomFilterNode.cpp; sourceTree = "<group>"; };
		BCBE161D1CF20A3900BEE749 /* BloomFilterNode.hpp */ = {isa = PBXFileReference; fileEncoding = 4; lastKnownFileType = sourcecode.cpp.h; path = BloomFilterNode.hpp; sourceTree = "<group>"; };
		BCBE161E1CF20A3900BEE749 /* BloomFilterTree.cpp */ = {isa = PBXFileReference; fileEncoding = 4; lastKnownFileType = sourcecode.cpp.cpp; path = BloomFilterTree.cpp; sourceTree = "<group>"; };
		BCBE161F1CF20A3900BEE749 /* BloomFilterTree.hpp */ = {isa = PBXFileReference; fileEncoding = 4; lastKnownFileType = sourcecode.cpp.h; path = BloomFilterTree.hpp; sourceTree = "<group>"; };
		BCBE16201CF20A3900BEE749 /* BloomFilterVec.cpp */ = {isa = PBXFileReference; fileEncoding = 4; lastKnownFileType = sourcecode.cpp.cpp; path = BloomFilterVec.cpp; sourceTree = "<group>"; };
		BCBE16211CF20A3900BEE749 /* BloomFilterVec.hpp */ = {isa = PBXFileReference; fileEncoding = 4; lastKnownFileType = sourcecode.cpp.h; path = BloomFilterVec.hpp; sourceTree = "<group>"; };
		BCBE16221CF20A3900BEE749 /* BPlusIndexNode.cpp */ = {isa = PBXFileReference; fileEncoding = 4; lastKnownFileType = sourcecode.cpp.cpp; path = BPlusIndexNode.cpp; sourceTree = "<group>"; };
		BCBE16231CF20A3900BEE749 /* BPlusIndexNode.hpp */ = {isa = PBXFileReference; fileEncoding = 4; lastKnownFileType = sourcecode.cpp.h; path = BPlusIndexNode.hpp; sourceTree = "<group>"; };
		BCBE16241CF20A3900BEE749 /* BPlusLeaf.cpp */ = {isa = PBXFileReference; fileEncoding = 4; lastKnownFileType = sourcecode.cpp.cpp; path = BPlusLeaf.cpp; sourceTree = "<group>"; };
		BCBE16251CF20A3900BEE749 /* BPlusLeaf.hpp */ = {isa = PBXFileReference; fileEncoding = 4; lastKnownFileType = sourcecode.cpp.h; path = BPlusLeaf.hpp; sourceTree = "<group>"; };
		BCBE16261CF20A3900BEE749 /* BPlusNode.cpp */ = {isa = PBXFileReference; fileEncoding = 4; lastKnownFileType = sourcecode.cpp.cpp; path = BPlusNode.cpp; sourceTree = "<group>"; };
		BCBE16271CF20A3900BEE749 /* BPlusNode.hpp */ = {isa = PBXFileReference; fileEncoding = 4; lastKnownFileType = sourcecode.cpp.h; path = BPlusNode.hpp; sourceTree = "<group>"; };
		BCBE16281CF20A3900BEE749 /* BPlusTree.cpp */ = {isa = PBXFileReference; fileEncoding = 4; lastKnownFileType = sourcecode.cpp.cpp; path = BPlusTree.cpp; sourceTree = "<group>"; };
		BCBE16291CF20A3900BEE749 /* BPlusTree.hpp */ = {isa = PBXFileReference; fileEncoding = 4; lastKnownFileType = sourcecode.cpp.h; path = BPlusTree.hpp; sourceTree = "<group>"; };
		BCBE162A1CF20A3900BEE749 /* BTree.cpp */ = {isa = PBXFileReference; fileEncoding = 4; lastKnownFileType = sourcecode.cpp.cpp; path = BTree.cpp; sourceTree = "<group>"; };
		BCBE162B1CF20A3900BEE749 /* BTree.hpp */ = {isa = PBXFileReference; fileEncoding = 4; lastKnownFileType = sourcecode.cpp.h; path = BTree.hpp; sourceTree = "<group>"; };
		BCBE162C1CF20A3900BEE749 /* BTreeNode.cpp */ = {isa = PBXFileReference; fileEncoding = 4; lastKnownFileType = sourcecode.cpp.cpp; path = BTreeNode.cpp; sourceTree = "<group>"; };
		BCBE162D1CF20A3900BEE749 /* BTreeNode.hpp */ = {isa = PBXFileReference; fileEncoding = 4; lastKnownFileType = sourcecode.cpp.h; path = BTreeNode.hpp; sourceTree = "<group>"; };
		BCE5514A1D0732FD00C9DD58 /* BloomFilterList.cpp */ = {isa = PBXFileReference; fileEncoding = 4; lastKnownFileType = sourcecode.cpp.cpp; name = BloomFilterList.cpp; path = src/BloomFilterList.cpp; sourceTree = "<group>"; };
		BCE5514B1D0732FD00C9DD58 /* BloomFilterList.hpp */ = {isa = PBXFileReference; fileEncoding = 4; lastKnownFileType = sourcecode.cpp.h; name = BloomFilterList.hpp; path = src/BloomFilterList.hpp; sourceTree = "<group>"; };
		BCE5514D1D07330700C9DD58 /* BloomFilterListNode.cpp */ = {isa = PBXFileReference; fileEncoding = 4; lastKnownFileType = sourcecode.cpp.cpp; name = BloomFilterListNode.cpp; path = src/BloomFilterListNode.cpp; sourceTree = "<group>"; };
		BCE5514E1D07330700C9DD58 /* BloomFilterListNode.hpp */ = {isa = PBXFileReference; fileEncoding = 4; lastKnownFileType = sourcecode.cpp.h; name = BloomFilterListNode.hpp; path = src/BloomFilterListNode.hpp; sourceTree = "<group>"; };
		BCFB96FD1CD8AE0D009AB4A4 /* BloomFilter.cpp */ = {isa = PBXFileReference; fileEncoding = 4; lastKnownFileType = sourcecode.cpp.cpp; name = BloomFilter.cpp; path = src/BloomFilter.cpp; sourceTree = "<group>"; };
		BCFB96FE1CD8AE0D009AB4A4 /* BloomFilter.hpp */ = {isa = PBXFileReference; fileEncoding = 4; lastKnownFileType = sourcecode.cpp.h; name = BloomFilter.hpp; path = src/BloomFilter.hpp; sourceTree = "<group>"; };
		BCFB96FF1CD8AE0D009AB4A4 /* BloomFilterNode.cpp */ = {isa = PBXFileReference; fileEncoding = 4; lastKnownFileType = sourcecode.cpp.cpp; name = BloomFilterNode.cpp; path = src/BloomFilterNode.cpp; sourceTree = "<group>"; };
		BCFB97001CD8AE0D009AB4A4 /* BloomFilterNode.hpp */ = {isa = PBXFileReference; fileEncoding = 4; lastKnownFileType = sourcecode.cpp.h; name = BloomFilterNode.hpp; path = src/BloomFilterNode.hpp; sourceTree = "<group>"; };
		BCFB97011CD8AE0D009AB4A4 /* BloomFilterTree.cpp */ = {isa = PBXFileReference; fileEncoding = 4; lastKnownFileType = sourcecode.cpp.cpp; name = BloomFilterTree.cpp; path = src/BloomFilterTree.cpp; sourceTree = "<group>"; };
/* End PBXFileReference section */

/* Begin PBXFrameworksBuildPhase section */
		BC5861E21CCABB13007CDEC0 /* Frameworks */ = {
			isa = PBXFrameworksBuildPhase;
			buildActionMask = 2147483647;
			files = (
			);
			runOnlyForDeploymentPostprocessing = 0;
		};
		BC5861F31CCABB5C007CDEC0 /* Frameworks */ = {
			isa = PBXFrameworksBuildPhase;
			buildActionMask = 2147483647;
			files = (
			);
			runOnlyForDeploymentPostprocessing = 0;
		};
/* End PBXFrameworksBuildPhase section */

/* Begin PBXGroup section */
		BC5861DC1CCABB13007CDEC0 = {
			isa = PBXGroup;
			children = (
				BCCE1F2A1CD625B6004382A8 /* src */,
				BC5861F71CCABB5C007CDEC0 /* Tests */,
				BC5861E61CCABB13007CDEC0 /* Products */,
			);
			sourceTree = "<group>";
		};
		BC5861E61CCABB13007CDEC0 /* Products */ = {
			isa = PBXGroup;
			children = (
				BC5861E51CCABB13007CDEC0 /* src */,
				BC5861F61CCABB5C007CDEC0 /* Tests */,
			);
			name = Products;
			sourceTree = "<group>";
		};
		BC5861F71CCABB5C007CDEC0 /* Tests */ = {
			isa = PBXGroup;
			children = (
				BCBE163A1CF20A4300BEE749 /* Libraries */,
				BCBE163D1CF20A7800BEE749 /* Bloom-Filter-Tree */,
				BCBE163B1CF20A5600BEE749 /* B+Tree */,
				BCBE163C1CF20A6700BEE749 /* B-Tree */,
				BC5861F81CCABB5C007CDEC0 /* tests.cpp */,
			);
			path = Tests;
			sourceTree = "<group>";
		};
		BCBE163A1CF20A4300BEE749 /* Libraries */ = {
			isa = PBXGroup;
			children = (
				BCBE16151CF20A3900BEE749 /* bloom_filter.hpp */,
			);
			name = Libraries;
			sourceTree = "<group>";
		};
		BCBE163B1CF20A5600BEE749 /* B+Tree */ = {
			isa = PBXGroup;
			children = (
				BCBE16221CF20A3900BEE749 /* BPlusIndexNode.cpp */,
				BCBE16231CF20A3900BEE749 /* BPlusIndexNode.hpp */,
				BCBE16241CF20A3900BEE749 /* BPlusLeaf.cpp */,
				BCBE16251CF20A3900BEE749 /* BPlusLeaf.hpp */,
				BCBE16261CF20A3900BEE749 /* BPlusNode.cpp */,
				BCBE16271CF20A3900BEE749 /* BPlusNode.hpp */,
				BCBE16281CF20A3900BEE749 /* BPlusTree.cpp */,
				BCBE16291CF20A3900BEE749 /* BPlusTree.hpp */,
			);
			name = "B+Tree";
			sourceTree = "<group>";
		};
		BCBE163C1CF20A6700BEE749 /* B-Tree */ = {
			isa = PBXGroup;
			children = (
				BCBE162A1CF20A3900BEE749 /* BTree.cpp */,
				BCBE162B1CF20A3900BEE749 /* BTree.hpp */,
				BCBE162C1CF20A3900BEE749 /* BTreeNode.cpp */,
				BCBE162D1CF20A3900BEE749 /* BTreeNode.hpp */,
			);
			name = "B-Tree";
			sourceTree = "<group>";
		};
		BCBE163D1CF20A7800BEE749 /* Bloom-Filter-Tree */ = {
			isa = PBXGroup;
			children = (
				BCBE16161CF20A3900BEE749 /* BloomFilter.cpp */,
				BCBE16171CF20A3900BEE749 /* BloomFilter.hpp */,
				BCBE16181CF20A3900BEE749 /* BloomFilterIndexNode.cpp */,
				BCBE16191CF20A3900BEE749 /* BloomFilterIndexNode.hpp */,
				BCBE161A1CF20A3900BEE749 /* BloomFilterLeaf.cpp */,
				BCBE161B1CF20A3900BEE749 /* BloomFilterLeaf.hpp */,
				BCBE161C1CF20A3900BEE749 /* BloomFilterNode.cpp */,
				BCBE161D1CF20A3900BEE749 /* BloomFilterNode.hpp */,
				BCBE161E1CF20A3900BEE749 /* BloomFilterTree.cpp */,
				BCBE161F1CF20A3900BEE749 /* BloomFilterTree.hpp */,
				BCBE16201CF20A3900BEE749 /* BloomFilterVec.cpp */,
				BCBE16211CF20A3900BEE749 /* BloomFilterVec.hpp */,
			);
			name = "Bloom-Filter-Tree";
			sourceTree = "<group>";
		};
		BCCE1F2A1CD625B6004382A8 /* src */ = {
			isa = PBXGroup;
			children = (
				BCFB96FE1CD8AE0D009AB4A4 /* BloomFilter.hpp */,
				BCFB96FD1CD8AE0D009AB4A4 /* BloomFilter.cpp */,
				BCECF51E1CE8C26900E25698 /* Bloom-Filter-Tree */,
				BCE551461D07067800C9DD58 /* Bloom-Filter-List */,
				BC5862081CCAD8CE007CDEC0 /* main.cpp */,
			);
			name = src;
			sourceTree = "<group>";
		};
		BCE551461D07067800C9DD58 /* Bloom-Filter-List */ = {
			isa = PBXGroup;
			children = (
				BCE5514D1D07330700C9DD58 /* BloomFilterListNode.cpp */,
				BCE5514E1D07330700C9DD58 /* BloomFilterListNode.hpp */,
				BCE5514A1D0732FD00C9DD58 /* BloomFilterList.cpp */,
				BCE5514B1D0732FD00C9DD58 /* BloomFilterList.hpp */,
			);
			name = "Bloom-Filter-List";
			sourceTree = "<group>";
		};
		BCECF51E1CE8C26900E25698 /* Bloom-Filter-Tree */ = {
			isa = PBXGroup;
			children = (
				BCFB97001CD8AE0D009AB4A4 /* BloomFilterNode.hpp */,
				BCFB96FF1CD8AE0D009AB4A4 /* BloomFilterNode.cpp */,
				BC7E2BE41CE63CB5003D9A8A /* BloomFilterIndexNode.hpp */,
				BC7E2BE51CE63CBC003D9A8A /* BloomFilterIndexNode.cpp */,
				BC7E2BE31CE63CB5003D9A8A /* BloomFilterLeaf.hpp */,
				BC7E2BE11CE63CA7003D9A8A /* BloomFilterLeaf.cpp */,
				BCFB97011CD8AE0D009AB4A4 /* BloomFilterTree.cpp */,
				BC6876E61CD4F90F00F63314 /* BloomFilterTree.hpp */,
			);
			name = "Bloom-Filter-Tree";
			sourceTree = "<group>";
		};
/* End PBXGroup section */

/* Begin PBXNativeTarget section */
		BC5861E41CCABB13007CDEC0 /* src */ = {
			isa = PBXNativeTarget;
			buildConfigurationList = BC5861EC1CCABB13007CDEC0 /* Build configuration list for PBXNativeTarget "src" */;
			buildPhases = (
				BC5861E11CCABB13007CDEC0 /* Sources */,
				BC5861E21CCABB13007CDEC0 /* Frameworks */,
				BC5861E31CCABB13007CDEC0 /* CopyFiles */,
			);
			buildRules = (
			);
			dependencies = (
			);
			name = src;
			productName = src;
			productReference = BC5861E51CCABB13007CDEC0 /* src */;
			productType = "com.apple.product-type.tool";
		};
		BC5861F51CCABB5C007CDEC0 /* Tests */ = {
			isa = PBXNativeTarget;
			buildConfigurationList = BC5861FA1CCABB5C007CDEC0 /* Build configuration list for PBXNativeTarget "Tests" */;
			buildPhases = (
				BC5861F21CCABB5C007CDEC0 /* Sources */,
				BC5861F31CCABB5C007CDEC0 /* Frameworks */,
				BC5861F41CCABB5C007CDEC0 /* CopyFiles */,
			);
			buildRules = (
			);
			dependencies = (
			);
			name = Tests;
			productName = Tests;
			productReference = BC5861F61CCABB5C007CDEC0 /* Tests */;
			productType = "com.apple.product-type.tool";
		};
/* End PBXNativeTarget section */

/* Begin PBXProject section */
		BC5861DD1CCABB13007CDEC0 /* Project object */ = {
			isa = PBXProject;
			attributes = {
				LastUpgradeCheck = 0730;
				ORGANIZATIONNAME = "Judith Greif";
				TargetAttributes = {
					BC5861E41CCABB13007CDEC0 = {
						CreatedOnToolsVersion = 7.3;
					};
					BC5861F51CCABB5C007CDEC0 = {
						CreatedOnToolsVersion = 7.3;
					};
				};
			};
			buildConfigurationList = BC5861E01CCABB13007CDEC0 /* Build configuration list for PBXProject "src" */;
			compatibilityVersion = "Xcode 3.2";
			developmentRegion = English;
			hasScannedForEncodings = 0;
			knownRegions = (
				en,
			);
			mainGroup = BC5861DC1CCABB13007CDEC0;
			productRefGroup = BC5861E61CCABB13007CDEC0 /* Products */;
			projectDirPath = "";
			projectRoot = "";
			targets = (
				BC5861E41CCABB13007CDEC0 /* src */,
				BC5861F51CCABB5C007CDEC0 /* Tests */,
			);
		};
/* End PBXProject section */

/* Begin PBXSourcesBuildPhase section */
		BC5861E11CCABB13007CDEC0 /* Sources */ = {
			isa = PBXSourcesBuildPhase;
			buildActionMask = 2147483647;
			files = (
				BCFB97031CD8AE0D009AB4A4 /* BloomFilterNode.cpp in Sources */,
				BCE5514F1D07330700C9DD58 /* BloomFilterListNode.cpp in Sources */,
				BC7E2BE21CE63CA7003D9A8A /* BloomFilterLeaf.cpp in Sources */,
				BC5862091CCAD8CE007CDEC0 /* main.cpp in Sources */,
				BCFB97021CD8AE0D009AB4A4 /* BloomFilter.cpp in Sources */,
				BC7E2BE61CE63CBC003D9A8A /* BloomFilterIndexNode.cpp in Sources */,
				BCE5514C1D0732FD00C9DD58 /* BloomFilterList.cpp in Sources */,
				BCFB97041CD8AE0D009AB4A4 /* BloomFilterTree.cpp in Sources */,
			);
			runOnlyForDeploymentPostprocessing = 0;
		};
		BC5861F21CCABB5C007CDEC0 /* Sources */ = {
			isa = PBXSourcesBuildPhase;
			buildActionMask = 2147483647;
			files = (
				BCBE162F1CF20A3900BEE749 /* BloomFilterIndexNode.cpp in Sources */,
				BCBE16371CF20A3900BEE749 /* BPlusTree.cpp in Sources */,
				BC5862011CCAC579007CDEC0 /* tests.cpp in Sources */,
				BCBE16361CF20A3900BEE749 /* BPlusNode.cpp in Sources */,
				BCBE16381CF20A3900BEE749 /* BTree.cpp in Sources */,
				BCBE16311CF20A3900BEE749 /* BloomFilterNode.cpp in Sources */,
				BCBE16391CF20A3900BEE749 /* BTreeNode.cpp in Sources */,
				BCBE162E1CF20A3900BEE749 /* BloomFilter.cpp in Sources */,
				BCBE16331CF20A3900BEE749 /* BloomFilterVec.cpp in Sources */,
				BCBE16301CF20A3900BEE749 /* BloomFilterLeaf.cpp in Sources */,
				BCBE16351CF20A3900BEE749 /* BPlusLeaf.cpp in Sources */,
				BCBE16321CF20A3900BEE749 /* BloomFilterTree.cpp in Sources */,
				BCBE16341CF20A3900BEE749 /* BPlusIndexNode.cpp in Sources */,
			);
			runOnlyForDeploymentPostprocessing = 0;
		};
/* End PBXSourcesBuildPhase section */

/* Begin XCBuildConfiguration section */
		BC5861EA1CCABB13007CDEC0 /* Debug */ = {
			isa = XCBuildConfiguration;
			buildSettings = {
				ALWAYS_SEARCH_USER_PATHS = NO;
				CLANG_ANALYZER_NONNULL = YES;
				CLANG_CXX_LANGUAGE_STANDARD = "gnu++0x";
				CLANG_CXX_LIBRARY = "libc++";
				CLANG_ENABLE_MODULES = YES;
				CLANG_ENABLE_OBJC_ARC = YES;
				CLANG_WARN_BOOL_CONVERSION = YES;
				CLANG_WARN_CONSTANT_CONVERSION = YES;
				CLANG_WARN_DIRECT_OBJC_ISA_USAGE = YES_ERROR;
				CLANG_WARN_EMPTY_BODY = YES;
				CLANG_WARN_ENUM_CONVERSION = YES;
				CLANG_WARN_INT_CONVERSION = YES;
				CLANG_WARN_OBJC_ROOT_CLASS = YES_ERROR;
				CLANG_WARN_UNREACHABLE_CODE = YES;
				CLANG_WARN__DUPLICATE_METHOD_MATCH = YES;
				CODE_SIGN_IDENTITY = "-";
				COPY_PHASE_STRIP = NO;
				DEBUG_INFORMATION_FORMAT = dwarf;
				ENABLE_STRICT_OBJC_MSGSEND = YES;
				ENABLE_TESTABILITY = YES;
				GCC_C_LANGUAGE_STANDARD = gnu99;
				GCC_DYNAMIC_NO_PIC = NO;
				GCC_NO_COMMON_BLOCKS = YES;
				GCC_OPTIMIZATION_LEVEL = 0;
				GCC_PREPROCESSOR_DEFINITIONS = (
					"DEBUG=1",
					"$(inherited)",
				);
				GCC_WARN_64_TO_32_BIT_CONVERSION = YES;
				GCC_WARN_ABOUT_RETURN_TYPE = YES_ERROR;
				GCC_WARN_UNDECLARED_SELECTOR = YES;
				GCC_WARN_UNINITIALIZED_AUTOS = YES_AGGRESSIVE;
				GCC_WARN_UNUSED_FUNCTION = YES;
				GCC_WARN_UNUSED_VARIABLE = YES;
				MACOSX_DEPLOYMENT_TARGET = 10.11;
				MTL_ENABLE_DEBUG_INFO = YES;
				ONLY_ACTIVE_ARCH = YES;
				SDKROOT = macosx;
			};
			name = Debug;
		};
		BC5861EB1CCABB13007CDEC0 /* Release */ = {
			isa = XCBuildConfiguration;
			buildSettings = {
				ALWAYS_SEARCH_USER_PATHS = NO;
				CLANG_ANALYZER_NONNULL = YES;
				CLANG_CXX_LANGUAGE_STANDARD = "gnu++0x";
				CLANG_CXX_LIBRARY = "libc++";
				CLANG_ENABLE_MODULES = YES;
				CLANG_ENABLE_OBJC_ARC = YES;
				CLANG_WARN_BOOL_CONVERSION = YES;
				CLANG_WARN_CONSTANT_CONVERSION = YES;
				CLANG_WARN_DIRECT_OBJC_ISA_USAGE = YES_ERROR;
				CLANG_WARN_EMPTY_BODY = YES;
				CLANG_WARN_ENUM_CONVERSION = YES;
				CLANG_WARN_INT_CONVERSION = YES;
				CLANG_WARN_OBJC_ROOT_CLASS = YES_ERROR;
				CLANG_WARN_UNREACHABLE_CODE = YES;
				CLANG_WARN__DUPLICATE_METHOD_MATCH = YES;
				CODE_SIGN_IDENTITY = "-";
				COPY_PHASE_STRIP = NO;
				DEBUG_INFORMATION_FORMAT = "dwarf-with-dsym";
				ENABLE_NS_ASSERTIONS = NO;
				ENABLE_STRICT_OBJC_MSGSEND = YES;
				GCC_C_LANGUAGE_STANDARD = gnu99;
				GCC_NO_COMMON_BLOCKS = YES;
				GCC_WARN_64_TO_32_BIT_CONVERSION = YES;
				GCC_WARN_ABOUT_RETURN_TYPE = YES_ERROR;
				GCC_WARN_UNDECLARED_SELECTOR = YES;
				GCC_WARN_UNINITIALIZED_AUTOS = YES_AGGRESSIVE;
				GCC_WARN_UNUSED_FUNCTION = YES;
				GCC_WARN_UNUSED_VARIABLE = YES;
				MACOSX_DEPLOYMENT_TARGET = 10.11;
				MTL_ENABLE_DEBUG_INFO = NO;
				SDKROOT = macosx;
			};
			name = Release;
		};
		BC5861ED1CCABB13007CDEC0 /* Debug */ = {
			isa = XCBuildConfiguration;
			buildSettings = {
				PRODUCT_NAME = "$(TARGET_NAME)";
			};
			name = Debug;
		};
		BC5861EE1CCABB13007CDEC0 /* Release */ = {
			isa = XCBuildConfiguration;
			buildSettings = {
				PRODUCT_NAME = "$(TARGET_NAME)";
			};
			name = Release;
		};
		BC5861FB1CCABB5C007CDEC0 /* Debug */ = {
			isa = XCBuildConfiguration;
			buildSettings = {
				LIBRARY_SEARCH_PATHS = /usr/local/lib;
				OTHER_LDFLAGS = "-lgtest";
				PRODUCT_NAME = "$(TARGET_NAME)";
				USER_HEADER_SEARCH_PATHS = /usr/local/include;
			};
			name = Debug;
		};
		BC5861FC1CCABB5C007CDEC0 /* Release */ = {
			isa = XCBuildConfiguration;
			buildSettings = {
				LIBRARY_SEARCH_PATHS = /usr/local/lib;
				OTHER_LDFLAGS = "-lgtest";
				PRODUCT_NAME = "$(TARGET_NAME)";
				USER_HEADER_SEARCH_PATHS = /usr/local/include;
			};
			name = Release;
		};
/* End XCBuildConfiguration section */

/* Begin XCConfigurationList section */
		BC5861E01CCABB13007CDEC0 /* Build configuration list for PBXProject "src" */ = {
			isa = XCConfigurationList;
			buildConfigurations = (
				BC5861EA1CCABB13007CDEC0 /* Debug */,
				BC5861EB1CCABB13007CDEC0 /* Release */,
			);
			defaultConfigurationIsVisible = 0;
			defaultConfigurationName = Release;
		};
		BC5861EC1CCABB13007CDEC0 /* Build configuration list for PBXNativeTarget "src" */ = {
			isa = XCConfigurationList;
			buildConfigurations = (
				BC5861ED1CCABB13007CDEC0 /* Debug */,
				BC5861EE1CCABB13007CDEC0 /* Release */,
			);
			defaultConfigurationIsVisible = 0;
			defaultConfigurationName = Release;
		};
		BC5861FA1CCABB5C007CDEC0 /* Build configuration list for PBXNativeTarget "Tests" */ = {
			isa = XCConfigurationList;
			buildConfigurations = (
				BC5861FB1CCABB5C007CDEC0 /* Debug */,
				BC5861FC1CCABB5C007CDEC0 /* Release */,
			);
			defaultConfigurationIsVisible = 0;
			defaultConfigurationName = Release;
		};
/* End XCConfigurationList section */
	};
	rootObject = BC5861DD1CCABB13007CDEC0 /* Project object */;
}
